GEM
  remote: https://rubygems.org/
  specs:
    bigdecimal (4.1.3)
    hana (1.3.7)
    json_schemer (2.5.0)
      bigdecimal
      hana (~> 1.3)
      regexp_parser (~> 2.0)
      simpleidn (~> 0.2)
    mcp (1.7.0)
      json_schemer (>= 2.4)
    minitest (5.27.0)
    pg (1.7.0)
    pg (1.7.0-aarch64-linux)
    pg (1.7.0-aarch64-linux-musl)
    pg (1.7.0-arm64-darwin)
    pg (1.7.0-x86_64-darwin)
    pg (1.7.0-x86_64-linux)
    pg (1.7.0-x86_64-linux-musl)
    rake (13.4.2)
    regexp_parser (2.13.1)
    simpleidn (0.3.0)

PLATFORMS
  aarch64-linux
  aarch64-linux-musl
  arm64-darwin
  ruby
  x86_64-darwin
  x86_64-linux
  x86_64-linux-musl

DEPENDENCIES
  mcp (~> 1.7.0)
  minitest (~> 5.25)
  pg (~> 1.6)
  rake (~> 13.0)

CHECKSUMS
  bigdecimal (4.1.3) sha256=61ebe1e5e559bdc3cc6f2c0ee7f427321fc838f59611c294356eb04d6e21cf66
  hana (1.3.7) sha256=5425db42d651fea08859811c29d20446f16af196308162894db208cac5ce9b0d
  json_schemer (2.5.0) sha256=2f01fb4cce721a4e08dd068fc2030cffd0702a7f333f1ea2be6e8991f00ae396
  mcp (1.7.0) sha256=bdf3261177b948b0777a6f247c57aad5f64c84830c02d126d4bfea188b0cebb7
  minitest (5.27.0) sha256=2d3b17f8a36fe7801c1adcffdbc38233b938eb0b4966e97a6739055a45fa77d5
  pg (1.7.0) sha256=f7b536501284e883d4c9ef86dbde0313063e4aaafc23575b0017b0d572a26afb
  pg (1.7.0-aarch64-linux) sha256=101dd3a261000eb64b03ff41a5890674b735b626dbdce88652969b59fb0b1157
  pg (1.7.0-aarch64-linux-musl) sha256=5ca4d4619a1a39fb22de47350130956ece69cf0512858ee68dca926e46f65e4a
  pg (1.7.0-arm64-darwin) sha256=9fa895bbe28bdd579b83ccc80464c01d1015ea7549a7919134c9f8f10c060e4b
  pg (1.7.0-x86_64-darwin) sha256=7b726ba6eab8b143fb803d3b4173b0a3e4b0b032025032212f90d436785022db
  pg (1.7.0-x86_64-linux) sha256=d0a24f448b3c874c8b2658d4efbbbefce7315c228ede84f6f6f42089d1d704b6
  pg (1.7.0-x86_64-linux-musl) sha256=0c9bc93b6e0aca2a5b07daef00b7ec4f9882bfe21ef3872b4371f8ecffe1f1e1
  rake (13.4.2) sha256=cb825b2bd5f1f8e91ca37bddb4b9aaf345551b4731da62949be002fa89283701
  regexp_parser (2.13.1) sha256=5aedb6b7c35688f51e86eef17a15374dfd287c83f4ca644b2c5f3ec50a33b44b
  simpleidn (0.3.0) sha256=12ca730bed2f3db04d11e9bfd1bca3e11fb37f55b21eb2e9793fb5814bf54d03

RUBY VERSION
  ruby 3.4.10

BUNDLED WITH
  4.0.3
